
Microsoft Visual Studio Solution File, Format Version 12.00
# Visual Studio Version 17
VisualStudioVersion = 17.5.33414.496
MinimumVisualStudioVersion = 10.0.40219.1
Project("{FAE04EC0-301F-11D3-BF4B-00C04F79EFBC}") = "prime number", "prime number.csproj", "{223B965A-E5E9-46AE-97E3-36FB74E08C54}"
EndProject
Global
	GlobalSection(SolutionConfigurationPlatforms) = preSolution
		Debug|Any CPU = Debug|Any CPU
		Release|Any CPU = Release|Any CPU
	EndGlobalSection
	GlobalSection(ProjectConfigurationPlatforms) = postSolution
		{223B965A-E5E9-46AE-97E3-36FB74E08C54}.Debug|Any CPU.ActiveCfg = Debug|Any CPU
		{223B965A-E5E9-46AE-97E3-36FB74E08C54}.Debug|Any CPU.Build.0 = Debug|Any CPU
		{223B965A-E5E9-46AE-97E3-36FB74E08C54}.Release|Any CPU.ActiveCfg = Release|Any CPU
		{223B965A-E5E9-46AE-97E3-36FB74E08C54}.Release|Any CPU.Build.0 = Release|Any CPU
	EndGlobalSection
	GlobalSection(SolutionProperties) = preSolution
		HideSolutionNode = FALSE
	EndGlobalSection
	GlobalSection(ExtensibilityGlobals) = postSolution
		SolutionGuid = {2538E78C-2EE5-45B8-9339-532D0F9816AB}
	EndGlobalSection
EndGlobal
